// !$*UTF8*$!
{
	archiveVersion = 1;
	classes = {
	};
	objectVersion = 55;
	objects = {

/* Begin PBXBuildFile section */
		225B5C102736C84B00C456C9 /* DeckView.swift in Sources */ = {isa = PBXBuildFile; fileRef = 225B5C0F2736C84B00C456C9 /* DeckView.swift */; };
		225B5C122736CA2600C456C9 /* GameView.swift in Sources */ = {isa = PBXBuildFile; fileRef = 225B5C112736CA2600C456C9 /* GameView.swift */; };
		225B5C142736CA3100C456C9 /* DealerView.swift in Sources */ = {isa = PBXBuildFile; fileRef = 225B5C132736CA3100C456C9 /* DealerView.swift */; };
		225B5C162736CDDA00C456C9 /* Player.swift in Sources */ = {isa = PBXBuildFile; fileRef = 225B5C152736CDDA00C456C9 /* Player.swift */; };
		225B5C182736D15400C456C9 /* Heap.swift in Sources */ = {isa = PBXBuildFile; fileRef = 225B5C172736D15400C456C9 /* Heap.swift */; };
		225B5C1C2736D89800C456C9 /* Server.swift in Sources */ = {isa = PBXBuildFile; fileRef = 225B5C1B2736D89800C456C9 /* Server.swift */; };
		225B5C1E2736D8F200C456C9 /* Game.swift in Sources */ = {isa = PBXBuildFile; fileRef = 225B5C1D2736D8F200C456C9 /* Game.swift */; };
		225B5C202736DD2E00C456C9 /* DeckViewViewModel.swift in Sources */ = {isa = PBXBuildFile; fileRef = 225B5C1F2736DD2E00C456C9 /* DeckViewViewModel.swift */; };
		225B5C222736DD5D00C456C9 /* GameViewViewModel.swift in Sources */ = {isa = PBXBuildFile; fileRef = 225B5C212736DD5D00C456C9 /* GameViewViewModel.swift */; };
		225B5C242736DD7500C456C9 /* DealerViewViewModel.swift in Sources */ = {isa = PBXBuildFile; fileRef = 225B5C232736DD7500C456C9 /* DealerViewViewModel.swift */; };
		225B5C262736DE3500C456C9 /* ContentViewViewModel.swift in Sources */ = {isa = PBXBuildFile; fileRef = 225B5C252736DE3400C456C9 /* ContentViewViewModel.swift */; };
		225B5C2A27380C5C00C456C9 /* Blackjack.swift in Sources */ = {isa = PBXBuildFile; fileRef = 225B5C2927380C5C00C456C9 /* Blackjack.swift */; };
		225B5C2C27380C6C00C456C9 /* Playable.swift in Sources */ = {isa = PBXBuildFile; fileRef = 225B5C2B27380C6C00C456C9 /* Playable.swift */; };
		225B5C2E27380E3800C456C9 /* GameType.swift in Sources */ = {isa = PBXBuildFile; fileRef = 225B5C2D27380E3800C456C9 /* GameType.swift */; };
		225B5C3027380E4C00C456C9 /* Turn.swift in Sources */ = {isa = PBXBuildFile; fileRef = 225B5C2F27380E4C00C456C9 /* Turn.swift */; };
		225B5C342738275900C456C9 /* Dealer.swift in Sources */ = {isa = PBXBuildFile; fileRef = 225B5C332738275900C456C9 /* Dealer.swift */; };
		22D022372736154D0067D872 /* CardsApp.swift in Sources */ = {isa = PBXBuildFile; fileRef = 22D022362736154D0067D872 /* CardsApp.swift */; };
		22D022392736154D0067D872 /* ContentView.swift in Sources */ = {isa = PBXBuildFile; fileRef = 22D022382736154D0067D872 /* ContentView.swift */; };
		22D0223B2736154F0067D872 /* Assets.xcassets in Resources */ = {isa = PBXBuildFile; fileRef = 22D0223A2736154F0067D872 /* Assets.xcassets */; };
		22D0223E2736154F0067D872 /* Preview Assets.xcassets in Resources */ = {isa = PBXBuildFile; fileRef = 22D0223D2736154F0067D872 /* Preview Assets.xcassets */; };
		22D022482736154F0067D872 /* CardsTests.swift in Sources */ = {isa = PBXBuildFile; fileRef = 22D022472736154F0067D872 /* CardsTests.swift */; };
		22D022522736154F0067D872 /* CardsUITests.swift in Sources */ = {isa = PBXBuildFile; fileRef = 22D022512736154F0067D872 /* CardsUITests.swift */; };
		22D022542736154F0067D872 /* CardsUITestsLaunchTests.swift in Sources */ = {isa = PBXBuildFile; fileRef = 22D022532736154F0067D872 /* CardsUITestsLaunchTests.swift */; };
		22D0228E273616A50067D872 /* Deck.swift in Sources */ = {isa = PBXBuildFile; fileRef = 22D0228D273616A50067D872 /* Deck.swift */; };
		22D02290273616FE0067D872 /* Stack.swift in Sources */ = {isa = PBXBuildFile; fileRef = 22D0228F273616FE0067D872 /* Stack.swift */; };
		22D022922736177F0067D872 /* Card.swift in Sources */ = {isa = PBXBuildFile; fileRef = 22D022912736177F0067D872 /* Card.swift */; };
		22D02294273617FF0067D872 /* Suit.swift in Sources */ = {isa = PBXBuildFile; fileRef = 22D02293273617FF0067D872 /* Suit.swift */; };
		22D022962736183A0067D872 /* Score.swift in Sources */ = {isa = PBXBuildFile; fileRef = 22D022952736183A0067D872 /* Score.swift */; };
/* End PBXBuildFile section */

/* Begin PBXContainerItemProxy section */
		22D022442736154F0067D872 /* PBXContainerItemProxy */ = {
			isa = PBXContainerItemProxy;
			containerPortal = 22D0222B2736154D0067D872 /* Project object */;
			proxyType = 1;
			remoteGlobalIDString = 22D022322736154D0067D872;
			remoteInfo = Cards;
		};
		22D0224E2736154F0067D872 /* PBXContainerItemProxy */ = {
			isa = PBXContainerItemProxy;
			containerPortal = 22D0222B2736154D0067D872 /* Project object */;
			proxyType = 1;
			remoteGlobalIDString = 22D022322736154D0067D872;
			remoteInfo = Cards;
		};
/* End PBXContainerItemProxy section */

/* Begin PBXFileReference section */
		225B5C0F2736C84B00C456C9 /* DeckView.swift */ = {isa = PBXFileReference; lastKnownFileType = sourcecode.swift; path = DeckView.swift; sourceTree = "<group>"; };
		225B5C112736CA2600C456C9 /* GameView.swift */ = {isa = PBXFileReference; lastKnownFileType = sourcecode.swift; path = GameView.swift; sourceTree = "<group>"; };
		225B5C132736CA3100C456C9 /* DealerView.swift */ = {isa = PBXFileReference; lastKnownFileType = sourcecode.swift; path = DealerView.swift; sourceTree = "<group>"; };
		225B5C152736CDDA00C456C9 /* Player.swift */ = {isa = PBXFileReference; lastKnownFileType = sourcecode.swift; path = Player.swift; sourceTree = "<group>"; };
		225B5C172736D15400C456C9 /* Heap.swift */ = {isa = PBXFileReference; lastKnownFileType = sourcecode.swift; path = Heap.swift; sourceTree = "<group>"; };
		225B5C1B2736D89800C456C9 /* Server.swift */ = {isa = PBXFileReference; lastKnownFileType = sourcecode.swift; path = Server.swift; sourceTree = "<group>"; };
		225B5C1D2736D8F200C456C9 /* Game.swift */ = {isa = PBXFileReference; lastKnownFileType = sourcecode.swift; path = Game.swift; sourceTree = "<group>"; };
		225B5C1F2736DD2E00C456C9 /* DeckViewViewModel.swift */ = {isa = PBXFileReference; lastKnownFileType = sourcecode.swift; path = DeckViewViewModel.swift; sourceTree = "<group>"; };
		225B5C212736DD5D00C456C9 /* GameViewViewModel.swift */ = {isa = PBXFileReference; lastKnownFileType = sourcecode.swift; path = GameViewViewModel.swift; sourceTree = "<group>"; };
		225B5C232736DD7500C456C9 /* DealerViewViewModel.swift */ = {isa = PBXFileReference; lastKnownFileType = sourcecode.swift; path = DealerViewViewModel.swift; sourceTree = "<group>"; };
		225B5C252736DE3400C456C9 /* ContentViewViewModel.swift */ = {isa = PBXFileReference; lastKnownFileType = sourcecode.swift; path = ContentViewViewModel.swift; sourceTree = "<group>"; };
		225B5C2927380C5C00C456C9 /* Blackjack.swift */ = {isa = PBXFileReference; lastKnownFileType = sourcecode.swift; path = Blackjack.swift; sourceTree = "<group>"; };
		225B5C2B27380C6C00C456C9 /* Playable.swift */ = {isa = PBXFileReference; lastKnownFileType = sourcecode.swift; path = Playable.swift; sourceTree = "<group>"; };
		225B5C2D27380E3800C456C9 /* GameType.swift */ = {isa = PBXFileReference; lastKnownFileType = sourcecode.swift; path = GameType.swift; sourceTree = "<group>"; };
		225B5C2F27380E4C00C456C9 /* Turn.swift */ = {isa = PBXFileReference; lastKnownFileType = sourcecode.swift; path = Turn.swift; sourceTree = "<group>"; };
		225B5C332738275900C456C9 /* Dealer.swift */ = {isa = PBXFileReference; lastKnownFileType = sourcecode.swift; path = Dealer.swift; sourceTree = "<group>"; };
		22D022332736154D0067D872 /* Cards.app */ = {isa = PBXFileReference; explicitFileType = wrapper.application; includeInIndex = 0; path = Cards.app; sourceTree = BUILT_PRODUCTS_DIR; };
		22D022362736154D0067D872 /* CardsApp.swift */ = {isa = PBXFileReference; lastKnownFileType = sourcecode.swift; path = CardsApp.swift; sourceTree = "<group>"; };
		22D022382736154D0067D872 /* ContentView.swift */ = {isa = PBXFileReference; lastKnownFileType = sourcecode.swift; path = ContentView.swift; sourceTree = "<group>"; };
		22D0223A2736154F0067D872 /* Assets.xcassets */ = {isa = PBXFileReference; lastKnownFileType = folder.assetcatalog; path = Assets.xcassets; sourceTree = "<group>"; };
		22D0223D2736154F0067D872 /* Preview Assets.xcassets */ = {isa = PBXFileReference; lastKnownFileType = folder.assetcatalog; path = "Preview Assets.xcassets"; sourceTree = "<group>"; };
		22D022432736154F0067D872 /* CardsTests.xctest */ = {isa = PBXFileReference; explicitFileType = wrapper.cfbundle; includeInIndex = 0; path = CardsTests.xctest; sourceTree = BUILT_PRODUCTS_DIR; };
		22D022472736154F0067D872 /* CardsTests.swift */ = {isa = PBXFileReference; lastKnownFileType = sourcecode.swift; path = CardsTests.swift; sourceTree = "<group>"; };
		22D0224D2736154F0067D872 /* CardsUITests.xctest */ = {isa = PBXFileReference; explicitFileType = wrapper.cfbundle; includeInIndex = 0; path = CardsUITests.xctest; sourceTree = BUILT_PRODUCTS_DIR; };
		22D022512736154F0067D872 /* CardsUITests.swift */ = {isa = PBXFileReference; lastKnownFileType = sourcecode.swift; path = CardsUITests.swift; sourceTree = "<group>"; };
		22D022532736154F0067D872 /* CardsUITestsLaunchTests.swift */ = {isa = PBXFileReference; lastKnownFileType = sourcecode.swift; path = CardsUITestsLaunchTests.swift; sourceTree = "<group>"; };
		22D0228D273616A50067D872 /* Deck.swift */ = {isa = PBXFileReference; lastKnownFileType = sourcecode.swift; path = Deck.swift; sourceTree = "<group>"; };
		22D0228F273616FE0067D872 /* Stack.swift */ = {isa = PBXFileReference; lastKnownFileType = sourcecode.swift; path = Stack.swift; sourceTree = "<group>"; };
		22D022912736177F0067D872 /* Card.swift */ = {isa = PBXFileReference; lastKnownFileType = sourcecode.swift; path = Card.swift; sourceTree = "<group>"; };
		22D02293273617FF0067D872 /* Suit.swift */ = {isa = PBXFileReference; lastKnownFileType = sourcecode.swift; path = Suit.swift; sourceTree = "<group>"; };
		22D022952736183A0067D872 /* Score.swift */ = {isa = PBXFileReference; lastKnownFileType = sourcecode.swift; path = Score.swift; sourceTree = "<group>"; };
/* End PBXFileReference section */

/* Begin PBXFrameworksBuildPhase section */
		22D022302736154D0067D872 /* Frameworks */ = {
			isa = PBXFrameworksBuildPhase;
			buildActionMask = 2147483647;
			files = (
			);
			runOnlyForDeploymentPostprocessing = 0;
		};
		22D022402736154F0067D872 /* Frameworks */ = {
			isa = PBXFrameworksBuildPhase;
			buildActionMask = 2147483647;
			files = (
			);
			runOnlyForDeploymentPostprocessing = 0;
		};
		22D0224A2736154F0067D872 /* Frameworks */ = {
			isa = PBXFrameworksBuildPhase;
			buildActionMask = 2147483647;
			files = (
			);
			runOnlyForDeploymentPostprocessing = 0;
		};
/* End PBXFrameworksBuildPhase section */

/* Begin PBXGroup section */
		225B5C192736D37700C456C9 /* Structures */ = {
			isa = PBXGroup;
			children = (
				225B5C172736D15400C456C9 /* Heap.swift */,
				22D0228F273616FE0067D872 /* Stack.swift */,
			);
			path = Structures;
			sourceTree = "<group>";
		};
		225B5C1A2736D7E800C456C9 /* Server */ = {
			isa = PBXGroup;
			children = (
				225B5C1B2736D89800C456C9 /* Server.swift */,
				225B5C1D2736D8F200C456C9 /* Game.swift */,
			);
			path = Server;
			sourceTree = "<group>";
		};
		225B5C272736DEB700C456C9 /* View Model */ = {
			isa = PBXGroup;
			children = (
				225B5C1F2736DD2E00C456C9 /* DeckViewViewModel.swift */,
				225B5C252736DE3400C456C9 /* ContentViewViewModel.swift */,
				225B5C212736DD5D00C456C9 /* GameViewViewModel.swift */,
				225B5C232736DD7500C456C9 /* DealerViewViewModel.swift */,
			);
			path = "View Model";
			sourceTree = "<group>";
		};
		225B5C282736E01B00C456C9 /* View */ = {
			isa = PBXGroup;
			children = (
				22D022382736154D0067D872 /* ContentView.swift */,
				225B5C0F2736C84B00C456C9 /* DeckView.swift */,
				225B5C112736CA2600C456C9 /* GameView.swift */,
				225B5C132736CA3100C456C9 /* DealerView.swift */,
			);
			path = View;
			sourceTree = "<group>";
		};
		22D0222A2736154D0067D872 = {
			isa = PBXGroup;
			children = (
				22D022352736154D0067D872 /* Cards */,
				22D022462736154F0067D872 /* CardsTests */,
				22D022502736154F0067D872 /* CardsUITests */,
				22D022342736154D0067D872 /* Products */,
			);
			sourceTree = "<group>";
		};
		22D022342736154D0067D872 /* Products */ = {
			isa = PBXGroup;
			children = (
				22D022332736154D0067D872 /* Cards.app */,
				22D022432736154F0067D872 /* CardsTests.xctest */,
				22D0224D2736154F0067D872 /* CardsUITests.xctest */,
			);
			name = Products;
			sourceTree = "<group>";
		};
		22D022352736154D0067D872 /* Cards */ = {
			isa = PBXGroup;
			children = (
				22D022362736154D0067D872 /* CardsApp.swift */,
				225B5C282736E01B00C456C9 /* View */,
				225B5C152736CDDA00C456C9 /* Player.swift */,
				225B5C332738275900C456C9 /* Dealer.swift */,
				225B5C2927380C5C00C456C9 /* Blackjack.swift */,
				225B5C2F27380E4C00C456C9 /* Turn.swift */,
				225B5C2D27380E3800C456C9 /* GameType.swift */,
				225B5C2B27380C6C00C456C9 /* Playable.swift */,
				225B5C272736DEB700C456C9 /* View Model */,
				225B5C1A2736D7E800C456C9 /* Server */,
				225B5C192736D37700C456C9 /* Structures */,
				22D0229727361A560067D872 /* Deck */,
				22D0223A2736154F0067D872 /* Assets.xcassets */,
				22D0223C2736154F0067D872 /* Preview Content */,
			);
			path = Cards;
			sourceTree = "<group>";
		};
		22D0223C2736154F0067D872 /* Preview Content */ = {
			isa = PBXGroup;
			children = (
				22D0223D2736154F0067D872 /* Preview Assets.xcassets */,
			);
			path = "Preview Content";
			sourceTree = "<group>";
		};
		22D022462736154F0067D872 /* CardsTests */ = {
			isa = PBXGroup;
			children = (
				22D022472736154F0067D872 /* CardsTests.swift */,
			);
			path = CardsTests;
			sourceTree = "<group>";
		};
		22D022502736154F0067D872 /* CardsUITests */ = {
			isa = PBXGroup;
			children = (
				22D022512736154F0067D872 /* CardsUITests.swift */,
				22D022532736154F0067D872 /* CardsUITestsLaunchTests.swift */,
			);
			path = CardsUITests;
			sourceTree = "<group>";
		};
		22D0229727361A560067D872 /* Deck */ = {
			isa = PBXGroup;
			children = (
				22D0228D273616A50067D872 /* Deck.swift */,
				22D022912736177F0067D872 /* Card.swift */,
				22D02293273617FF0067D872 /* Suit.swift */,
				22D022952736183A0067D872 /* Score.swift */,
			);
			path = Deck;
			sourceTree = "<group>";
		};
/* End PBXGroup section */

/* Begin PBXNativeTarget section */
		22D022322736154D0067D872 /* Cards */ = {
			isa = PBXNativeTarget;
			buildConfigurationList = 22D022572736154F0067D872 /* Build configuration list for PBXNativeTarget "Cards" */;
			buildPhases = (
				22D0222F2736154D0067D872 /* Sources */,
				22D022302736154D0067D872 /* Frameworks */,
				22D022312736154D0067D872 /* Resources */,
			);
			buildRules = (
			);
			dependencies = (
			);
			name = Cards;
			productName = Cards;
			productReference = 22D022332736154D0067D872 /* Cards.app */;
			productType = "com.apple.product-type.application";
		};
		22D022422736154F0067D872 /* CardsTests */ = {
			isa = PBXNativeTarget;
			buildConfigurationList = 22D0225A2736154F0067D872 /* Build configuration list for PBXNativeTarget "CardsTests" */;
			buildPhases = (
				22D0223F2736154F0067D872 /* Sources */,
				22D022402736154F0067D872 /* Frameworks */,
				22D022412736154F0067D872 /* Resources */,
			);
			buildRules = (
			);
			dependencies = (
				22D022452736154F0067D872 /* PBXTargetDependency */,
			);
			name = CardsTests;
			productName = CardsTests;
			productReference = 22D022432736154F0067D872 /* CardsTests.xctest */;
			productType = "com.apple.product-type.bundle.unit-test";
		};
		22D0224C2736154F0067D872 /* CardsUITests */ = {
			isa = PBXNativeTarget;
			buildConfigurationList = 22D0225D2736154F0067D872 /* Build configuration list for PBXNativeTarget "CardsUITests" */;
			buildPhases = (
				22D022492736154F0067D872 /* Sources */,
				22D0224A2736154F0067D872 /* Frameworks */,
				22D0224B2736154F0067D872 /* Resources */,
			);
			buildRules = (
			);
			dependencies = (
				22D0224F2736154F0067D872 /* PBXTargetDependency */,
			);
			name = CardsUITests;
			productName = CardsUITests;
			productReference = 22D0224D2736154F0067D872 /* CardsUITests.xctest */;
			productType = "com.apple.product-type.bundle.ui-testing";
		};
/* End PBXNativeTarget section */

/* Begin PBXProject section */
		22D0222B2736154D0067D872 /* Project object */ = {
			isa = PBXProject;
			attributes = {
				BuildIndependentTargetsInParallel = 1;
				LastSwiftUpdateCheck = 1310;
				LastUpgradeCheck = 1310;
				TargetAttributes = {
					22D022322736154D0067D872 = {
						CreatedOnToolsVersion = 13.1;
					};
					22D022422736154F0067D872 = {
						CreatedOnToolsVersion = 13.1;
						TestTargetID = 22D022322736154D0067D872;
					};
					22D0224C2736154F0067D872 = {
						CreatedOnToolsVersion = 13.1;
						TestTargetID = 22D022322736154D0067D872;
					};
				};
			};
			buildConfigurationList = 22D0222E2736154D0067D872 /* Build configuration list for PBXProject "Cards" */;
			compatibilityVersion = "Xcode 13.0";
			developmentRegion = en;
			hasScannedForEncodings = 0;
			knownRegions = (
				en,
				Base,
			);
			mainGroup = 22D0222A2736154D0067D872;
			productRefGroup = 22D022342736154D0067D872 /* Products */;
			projectDirPath = "";
			projectRoot = "";
			targets = (
				22D022322736154D0067D872 /* Cards */,
				22D022422736154F0067D872 /* CardsTests */,
				22D0224C2736154F0067D872 /* CardsUITests */,
			);
		};
/* End PBXProject section */

/* Begin PBXResourcesBuildPhase section */
		22D022312736154D0067D872 /* Resources */ = {
			isa = PBXResourcesBuildPhase;
			buildActionMask = 2147483647;
			files = (
				22D0223E2736154F0067D872 /* Preview Assets.xcassets in Resources */,
				22D0223B2736154F0067D872 /* Assets.xcassets in Resources */,
			);
			runOnlyForDeploymentPostprocessing = 0;
		};
		22D022412736154F0067D872 /* Resources */ = {
			isa = PBXResourcesBuildPhase;
			buildActionMask = 2147483647;
			files = (
			);
			runOnlyForDeploymentPostprocessing = 0;
		};
		22D0224B2736154F0067D872 /* Resources */ = {
			isa = PBXResourcesBuildPhase;
			buildActionMask = 2147483647;
			files = (
			);
			runOnlyForDeploymentPostprocessing = 0;
		};
/* End PBXResourcesBuildPhase section */

/* Begin PBXSourcesBuildPhase section */
		22D0222F2736154D0067D872 /* Sources */ = {
			isa = PBXSourcesBuildPhase;
			buildActionMask = 2147483647;
			files = (
				225B5C162736CDDA00C456C9 /* Player.swift in Sources */,
				225B5C122736CA2600C456C9 /* GameView.swift in Sources */,
				225B5C2E27380E3800C456C9 /* GameType.swift in Sources */,
				22D022962736183A0067D872 /* Score.swift in Sources */,
				225B5C262736DE3500C456C9 /* ContentViewViewModel.swift in Sources */,
				225B5C182736D15400C456C9 /* Heap.swift in Sources */,
				22D02290273616FE0067D872 /* Stack.swift in Sources */,
				225B5C242736DD7500C456C9 /* DealerViewViewModel.swift in Sources */,
				225B5C3027380E4C00C456C9 /* Turn.swift in Sources */,
				225B5C2C27380C6C00C456C9 /* Playable.swift in Sources */,
				225B5C142736CA3100C456C9 /* DealerView.swift in Sources */,
				22D0228E273616A50067D872 /* Deck.swift in Sources */,
				225B5C102736C84B00C456C9 /* DeckView.swift in Sources */,
				225B5C222736DD5D00C456C9 /* GameViewViewModel.swift in Sources */,
				22D022922736177F0067D872 /* Card.swift in Sources */,
				225B5C2A27380C5C00C456C9 /* Blackjack.swift in Sources */,
				225B5C1E2736D8F200C456C9 /* Game.swift in Sources */,
				225B5C202736DD2E00C456C9 /* DeckViewViewModel.swift in Sources */,
				225B5C342738275900C456C9 /* Dealer.swift in Sources */,
				22D022392736154D0067D872 /* ContentView.swift in Sources */,
				22D02294273617FF0067D872 /* Suit.swift in Sources */,
				225B5C1C2736D89800C456C9 /* Server.swift in Sources */,
				22D022372736154D0067D872 /* CardsApp.swift in Sources */,
			);
			runOnlyForDeploymentPostprocessing = 0;
		};
		22D0223F2736154F0067D872 /* Sources */ = {
			isa = PBXSourcesBuildPhase;
			buildActionMask = 2147483647;
			files = (
				22D022482736154F0067D872 /* CardsTests.swift in Sources */,
			);
			runOnlyForDeploymentPostprocessing = 0;
		};
		22D022492736154F0067D872 /* Sources */ = {
			isa = PBXSourcesBuildPhase;
			buildActionMask = 2147483647;
			files = (
				22D022542736154F0067D872 /* CardsUITestsLaunchTests.swift in Sources */,
				22D022522736154F0067D872 /* CardsUITests.swift in Sources */,
			);
			runOnlyForDeploymentPostprocessing = 0;
		};
/* End PBXSourcesBuildPhase section */

/* Begin PBXTargetDependency section */
		22D022452736154F0067D872 /* PBXTargetDependency */ = {
			isa = PBXTargetDependency;
			target = 22D022322736154D0067D872 /* Cards */;
			targetProxy = 22D022442736154F0067D872 /* PBXContainerItemProxy */;
		};
		22D0224F2736154F0067D872 /* PBXTargetDependency */ = {
			isa = PBXTargetDependency;
			target = 22D022322736154D0067D872 /* Cards */;
			targetProxy = 22D0224E2736154F0067D872 /* PBXContainerItemProxy */;
		};
/* End PBXTargetDependency section */

/* Begin XCBuildConfiguration section */
		22D022552736154F0067D872 /* Debug */ = {
			isa = XCBuildConfiguration;
			buildSettings = {
				ALWAYS_SEARCH_USER_PATHS = NO;
				CLANG_ANALYZER_NONNULL = YES;
				CLANG_ANALYZER_NUMBER_OBJECT_CONVERSION = YES_AGGRESSIVE;
				CLANG_CXX_LANGUAGE_STANDARD = "gnu++17";
				CLANG_CXX_LIBRARY = "libc++";
				CLANG_ENABLE_MODULES = YES;
				CLANG_ENABLE_OBJC_ARC = YES;
				CLANG_ENABLE_OBJC_WEAK = YES;
				CLANG_WARN_BLOCK_CAPTURE_AUTORELEASING = YES;
				CLANG_WARN_BOOL_CONVERSION = YES;
				CLANG_WARN_COMMA = YES;
				CLANG_WARN_CONSTANT_CONVERSION = YES;
				CLANG_WARN_DEPRECATED_OBJC_IMPLEMENTATIONS = YES;
				CLANG_WARN_DIRECT_OBJC_ISA_USAGE = YES_ERROR;
				CLANG_WARN_DOCUMENTATION_COMMENTS = YES;
				CLANG_WARN_EMPTY_BODY = YES;
				CLANG_WARN_ENUM_CONVERSION = YES;
				CLANG_WARN_INFINITE_RECURSION = YES;
				CLANG_WARN_INT_CONVERSION = YES;
				CLANG_WARN_NON_LITERAL_NULL_CONVERSION = YES;
				CLANG_WARN_OBJC_IMPLICIT_RETAIN_SELF = YES;
				CLANG_WARN_OBJC_LITERAL_CONVERSION = YES;
				CLANG_WARN_OBJC_ROOT_CLASS = YES_ERROR;
				CLANG_WARN_QUOTED_INCLUDE_IN_FRAMEWORK_HEADER = YES;
				CLANG_WARN_RANGE_LOOP_ANALYSIS = YES;
				CLANG_WARN_STRICT_PROTOTYPES = YES;
				CLANG_WARN_SUSPICIOUS_MOVE = YES;
				CLANG_WARN_UNGUARDED_AVAILABILITY = YES_AGGRESSIVE;
				CLANG_WARN_UNREACHABLE_CODE = YES;
				CLANG_WARN__DUPLICATE_METHOD_MATCH = YES;
				COPY_PHASE_STRIP = NO;
				DEBUG_INFORMATION_FORMAT = dwarf;
				ENABLE_STRICT_OBJC_MSGSEND = YES;
				ENABLE_TESTABILITY = YES;
				GCC_C_LANGUAGE_STANDARD = gnu11;
				GCC_DYNAMIC_NO_PIC = NO;
				GCC_NO_COMMON_BLOCKS = YES;
				GCC_OPTIMIZATION_LEVEL = 0;
				GCC_PREPROCESSOR_DEFINITIONS = (
					"DEBUG=1",
					"$(inherited)",
				);
				GCC_WARN_64_TO_32_BIT_CONVERSION = YES;
				GCC_WARN_ABOUT_RETURN_TYPE = YES_ERROR;
				GCC_WARN_UNDECLARED_SELECTOR = YES;
				GCC_WARN_UNINITIALIZED_AUTOS = YES_AGGRESSIVE;
				GCC_WARN_UNUSED_FUNCTION = YES;
				GCC_WARN_UNUSED_VARIABLE = YES;
				IPHONEOS_DEPLOYMENT_TARGET = 15.0;
				MTL_ENABLE_DEBUG_INFO = INCLUDE_SOURCE;
				MTL_FAST_MATH = YES;
				ONLY_ACTIVE_ARCH = YES;
				SDKROOT = iphoneos;
				SWIFT_ACTIVE_COMPILATION_CONDITIONS = DEBUG;
				SWIFT_OPTIMIZATION_LEVEL = "-Onone";
			};
			name = Debug;
		};
		22D022562736154F0067D872 /* Release */ = {
			isa = XCBuildConfiguration;
			buildSettings = {
				ALWAYS_SEARCH_USER_PATHS = NO;
				CLANG_ANALYZER_NONNULL = YES;
				CLANG_ANALYZER_NUMBER_OBJECT_CONVERSION = YES_AGGRESSIVE;
				CLANG_CXX_LANGUAGE_STANDARD = "gnu++17";
				CLANG_CXX_LIBRARY = "libc++";
				CLANG_ENABLE_MODULES = YES;
				CLANG_ENABLE_OBJC_ARC = YES;
				CLANG_ENABLE_OBJC_WEAK = YES;
				CLANG_WARN_BLOCK_CAPTURE_AUTORELEASING = YES;
				CLANG_WARN_BOOL_CONVERSION = YES;
				CLANG_WARN_COMMA = YES;
				CLANG_WARN_CONSTANT_CONVERSION = YES;
				CLANG_WARN_DEPRECATED_OBJC_IMPLEMENTATIONS = YES;
				CLANG_WARN_DIRECT_OBJC_ISA_USAGE = YES_ERROR;
				CLANG_WARN_DOCUMENTATION_COMMENTS = YES;
				CLANG_WARN_EMPTY_BODY = YES;
				CLANG_WARN_ENUM_CONVERSION = YES;
				CLANG_WARN_INFINITE_RECURSION = YES;
				CLANG_WARN_INT_CONVERSION = YES;
				CLANG_WARN_NON_LITERAL_NULL_CONVERSION = YES;
				CLANG_WARN_OBJC_IMPLICIT_RETAIN_SELF = YES;
				CLANG_WARN_OBJC_LITERAL_CONVERSION = YES;
				CLANG_WARN_OBJC_ROOT_CLASS = YES_ERROR;
				CLANG_WARN_QUOTED_INCLUDE_IN_FRAMEWORK_HEADER = YES;
				CLANG_WARN_RANGE_LOOP_ANALYSIS = YES;
				CLANG_WARN_STRICT_PROTOTYPES = YES;
				CLANG_WARN_SUSPICIOUS_MOVE = YES;
				CLANG_WARN_UNGUARDED_AVAILABILITY = YES_AGGRESSIVE;
				CLANG_WARN_UNREACHABLE_CODE = YES;
				CLANG_WARN__DUPLICATE_METHOD_MATCH = YES;
				COPY_PHASE_STRIP = NO;
				DEBUG_INFORMATION_FORMAT = "dwarf-with-dsym";
				ENABLE_NS_ASSERTIONS = NO;
				ENABLE_STRICT_OBJC_MSGSEND = YES;
				GCC_C_LANGUAGE_STANDARD = gnu11;
				GCC_NO_COMMON_BLOCKS = YES;
				GCC_WARN_64_TO_32_BIT_CONVERSION = YES;
				GCC_WARN_ABOUT_RETURN_TYPE = YES_ERROR;
				GCC_WARN_UNDECLARED_SELECTOR = YES;
				GCC_WARN_UNINITIALIZED_AUTOS = YES_AGGRESSIVE;
				GCC_WARN_UNUSED_FUNCTION = YES;
				GCC_WARN_UNUSED_VARIABLE = YES;
				IPHONEOS_DEPLOYMENT_TARGET = 15.0;
				MTL_ENABLE_DEBUG_INFO = NO;
				MTL_FAST_MATH = YES;
				SDKROOT = iphoneos;
				SWIFT_COMPILATION_MODE = wholemodule;
				SWIFT_OPTIMIZATION_LEVEL = "-O";
				VALIDATE_PRODUCT = YES;
			};
			name = Release;
		};
		22D022582736154F0067D872 /* Debug */ = {
			isa = XCBuildConfiguration;
			buildSettings = {
				ASSETCATALOG_COMPILER_APPICON_NAME = AppIcon;
				ASSETCATALOG_COMPILER_GLOBAL_ACCENT_COLOR_NAME = AccentColor;
				CODE_SIGN_STYLE = Automatic;
				CURRENT_PROJECT_VERSION = 1;
				DEVELOPMENT_ASSET_PATHS = "\"Cards/Preview Content\"";
				DEVELOPMENT_TEAM = YD92TX44EQ;
				ENABLE_PREVIEWS = YES;
				GENERATE_INFOPLIST_FILE = YES;
				INFOPLIST_KEY_UIApplicationSceneManifest_Generation = YES;
				INFOPLIST_KEY_UIApplicationSupportsIndirectInputEvents = YES;
				INFOPLIST_KEY_UILaunchScreen_Generation = YES;
				INFOPLIST_KEY_UISupportedInterfaceOrientations_iPad = "UIInterfaceOrientationPortrait UIInterfaceOrientationPortraitUpsideDown UIInterfaceOrientationLandscapeLeft UIInterfaceOrientationLandscapeRight";
				INFOPLIST_KEY_UISupportedInterfaceOrientations_iPhone = "UIInterfaceOrientationPortrait UIInterfaceOrientationLandscapeLeft UIInterfaceOrientationLandscapeRight";
				LD_RUNPATH_SEARCH_PATHS = (
					"$(inherited)",
					"@executable_path/Frameworks",
				);
				MARKETING_VERSION = 1.0;
				PRODUCT_BUNDLE_IDENTIFIER = com.samwarfield.Cards;
				PRODUCT_NAME = "$(TARGET_NAME)";
				SWIFT_EMIT_LOC_STRINGS = YES;
				SWIFT_VERSION = 5.0;
				TARGETED_DEVICE_FAMILY = "1,2";
			};
			name = Debug;
		};
		22D022592736154F0067D872 /* Release */ = {
			isa = XCBuildConfiguration;
			buildSettings = {
				ASSETCATALOG_COMPILER_APPICON_NAME = AppIcon;
				ASSETCATALOG_COMPILER_GLOBAL_ACCENT_COLOR_NAME = AccentColor;
				CODE_SIGN_STYLE = Automatic;
				CURRENT_PROJECT_VERSION = 1;
				DEVELOPMENT_ASSET_PATHS = "\"Cards/Preview Content\"";
				DEVELOPMENT_TEAM = YD92TX44EQ;
				ENABLE_PREVIEWS = YES;
				GENERATE_INFOPLIST_FILE = YES;
				INFOPLIST_KEY_UIApplicationSceneManifest_Generation = YES;
				INFOPLIST_KEY_UIApplicationSupportsIndirectInputEvents = YES;
				INFOPLIST_KEY_UILaunchScreen_Generation = YES;
				INFOPLIST_KEY_UISupportedInterfaceOrientations_iPad = "UIInterfaceOrientationPortrait UIInterfaceOrientationPortraitUpsideDown UIInterfaceOrientationLandscapeLeft UIInterfaceOrientationLandscapeRight";
				INFOPLIST_KEY_UISupportedInterfaceOrientations_iPhone = "UIInterfaceOrientationPortrait UIInterfaceOrientationLandscapeLeft UIInterfaceOrientationLandscapeRight";
				LD_RUNPATH_SEARCH_PATHS = (
					"$(inherited)",
					"@executable_path/Frameworks",
				);
				MARKETING_VERSION = 1.0;
				PRODUCT_BUNDLE_IDENTIFIER = com.samwarfield.Cards;
				PRODUCT_NAME = "$(TARGET_NAME)";
				SWIFT_EMIT_LOC_STRINGS = YES;
				SWIFT_VERSION = 5.0;
				TARGETED_DEVICE_FAMILY = "1,2";
			};
			name = Release;
		};
		22D0225B2736154F0067D872 /* Debug */ = {
			isa = XCBuildConfiguration;
			buildSettings = {
				ALWAYS_EMBED_SWIFT_STANDARD_LIBRARIES = YES;
				BUNDLE_LOADER = "$(TEST_HOST)";
				CODE_SIGN_STYLE = Automatic;
				CURRENT_PROJECT_VERSION = 1;
				DEVELOPMENT_TEAM = YD92TX44EQ;
				GENERATE_INFOPLIST_FILE = YES;
				IPHONEOS_DEPLOYMENT_TARGET = 15.0;
				LD_RUNPATH_SEARCH_PATHS = (
					"$(inherited)",
					"@executable_path/Frameworks",
					"@loader_path/Frameworks",
				);
				MARKETING_VERSION = 1.0;
				PRODUCT_BUNDLE_IDENTIFIER = com.samwarfield.CardsTests;
				PRODUCT_NAME = "$(TARGET_NAME)";
				SWIFT_EMIT_LOC_STRINGS = NO;
				SWIFT_VERSION = 5.0;
				TARGETED_DEVICE_FAMILY = "1,2";
				TEST_HOST = "$(BUILT_PRODUCTS_DIR)/Cards.app/Cards";
			};
			name = Debug;
		};
		22D0225C2736154F0067D872 /* Release */ = {
			isa = XCBuildConfiguration;
			buildSettings = {
				ALWAYS_EMBED_SWIFT_STANDARD_LIBRARIES = YES;
				BUNDLE_LOADER = "$(TEST_HOST)";
				CODE_SIGN_STYLE = Automatic;
				CURRENT_PROJECT_VERSION = 1;
				DEVELOPMENT_TEAM = YD92TX44EQ;
				GENERATE_INFOPLIST_FILE = YES;
				IPHONEOS_DEPLOYMENT_TARGET = 15.0;
				LD_RUNPATH_SEARCH_PATHS = (
					"$(inherited)",
					"@executable_path/Frameworks",
					"@loader_path/Frameworks",
				);
				MARKETING_VERSION = 1.0;
				PRODUCT_BUNDLE_IDENTIFIER = com.samwarfield.CardsTests;
				PRODUCT_NAME = "$(TARGET_NAME)";
				SWIFT_EMIT_LOC_STRINGS = NO;
				SWIFT_VERSION = 5.0;
				TARGETED_DEVICE_FAMILY = "1,2";
				TEST_HOST = "$(BUILT_PRODUCTS_DIR)/Cards.app/Cards";
			};
			name = Release;
		};
		22D0225E2736154F0067D872 /* Debug */ = {
			isa = XCBuildConfiguration;
			buildSettings = {
				ALWAYS_EMBED_SWIFT_STANDARD_LIBRARIES = YES;
				CODE_SIGN_STYLE = Automatic;
				CURRENT_PROJECT_VERSION = 1;
				DEVELOPMENT_TEAM = YD92TX44EQ;
				GENERATE_INFOPLIST_FILE = YES;
				LD_RUNPATH_SEARCH_PATHS = (
					"$(inherited)",
					"@executable_path/Frameworks",
					"@loader_path/Frameworks",
				);
				MARKETING_VERSION = 1.0;
				PRODUCT_BUNDLE_IDENTIFIER = com.samwarfield.CardsUITests;
				PRODUCT_NAME = "$(TARGET_NAME)";
				SWIFT_EMIT_LOC_STRINGS = NO;
				SWIFT_VERSION = 5.0;
				TARGETED_DEVICE_FAMILY = "1,2";
				TEST_TARGET_NAME = Cards;
			};
			name = Debug;
		};
		22D0225F2736154F0067D872 /* Release */ = {
			isa = XCBuildConfiguration;
			buildSettings = {
				ALWAYS_EMBED_SWIFT_STANDARD_LIBRARIES = YES;
				CODE_SIGN_STYLE = Automatic;
				CURRENT_PROJECT_VERSION = 1;
				DEVELOPMENT_TEAM = YD92TX44EQ;
				GENERATE_INFOPLIST_FILE = YES;
				LD_RUNPATH_SEARCH_PATHS = (
					"$(inherited)",
					"@executable_path/Frameworks",
					"@loader_path/Frameworks",
				);
				MARKETING_VERSION = 1.0;
				PRODUCT_BUNDLE_IDENTIFIER = com.samwarfield.CardsUITests;
				PRODUCT_NAME = "$(TARGET_NAME)";
				SWIFT_EMIT_LOC_STRINGS = NO;
				SWIFT_VERSION = 5.0;
				TARGETED_DEVICE_FAMILY = "1,2";
				TEST_TARGET_NAME = Cards;
			};
			name = Release;
		};
/* End XCBuildConfiguration section */

/* Begin XCConfigurationList section */
		22D0222E2736154D0067D872 /* Build configuration list for PBXProject "Cards" */ = {
			isa = XCConfigurationList;
			buildConfigurations = (
				22D022552736154F0067D872 /* Debug */,
				22D022562736154F0067D872 /* Release */,
			);
			defaultConfigurationIsVisible = 0;
			defaultConfigurationName = Release;
		};
		22D022572736154F0067D872 /* Build configuration list for PBXNativeTarget "Cards" */ = {
			isa = XCConfigurationList;
			buildConfigurations = (
				22D022582736154F0067D872 /* Debug */,
				22D022592736154F0067D872 /* Release */,
			);
			defaultConfigurationIsVisible = 0;
			defaultConfigurationName = Release;
		};
		22D0225A2736154F0067D872 /* Build configuration list for PBXNativeTarget "CardsTests" */ = {
			isa = XCConfigurationList;
			buildConfigurations = (
				22D0225B2736154F0067D872 /* Debug */,
				22D0225C2736154F0067D872 /* Release */,
			);
			defaultConfigurationIsVisible = 0;
			defaultConfigurationName = Release;
		};
		22D0225D2736154F0067D872 /* Build configuration list for PBXNativeTarget "CardsUITests" */ = {
			isa = XCConfigurationList;
			buildConfigurations = (
				22D0225E2736154F0067D872 /* Debug */,
				22D0225F2736154F0067D872 /* Release */,
			);
			defaultConfigurationIsVisible = 0;
			defaultConfigurationName = Release;
		};
/* End XCConfigurationList section */
	};
	rootObject = 22D0222B2736154D0067D872 /* Project object */;
}
